
Microsoft Visual Studio Solution File, Format Version 12.00
# Visual Studio Version 16
VisualStudioVersion = 16.0.28803.156
MinimumVisualStudioVersion = 10.0.40219.1
Project("{FAE04EC0-301F-11D3-BF4B-00C04F79EFBC}") = "coursework", "coursework\coursework.csproj", "{77CA541B-9AC7-4624-8E72-F812FF7C8CEE}"
EndProject
Global
	GlobalSection(SolutionConfigurationPlatforms) = preSolution
		Debug|Any CPU = Debug|Any CPU
		Release|Any CPU = Release|Any CPU
	EndGlobalSection
	GlobalSection(ProjectConfigurationPlatforms) = postSolution
		{77CA541B-9AC7-4624-8E72-F812FF7C8CEE}.Debug|Any CPU.ActiveCfg = Debug|Any CPU
		{77CA541B-9AC7-4624-8E72-F812FF7C8CEE}.Debug|Any CPU.Build.0 = Debug|Any CPU
		{77CA541B-9AC7-4624-8E72-F812FF7C8CEE}.Release|Any CPU.ActiveCfg = Release|Any CPU
		{77CA541B-9AC7-4624-8E72-F812FF7C8CEE}.Release|Any CPU.Build.0 = Release|Any CPU
	EndGlobalSection
	GlobalSection(SolutionProperties) = preSolution
		HideSolutionNode = FALSE
	EndGlobalSection
	GlobalSection(ExtensibilityGlobals) = postSolution
		SolutionGuid = {F5E26AAE-DF59-4DBE-BA72-A8A2E40F313F}
	EndGlobalSection
EndGlobal
