
Microsoft Visual Studio Solution File, Format Version 12.00
# Visual Studio 15
VisualStudioVersion = 15.0.28307.421
MinimumVisualStudioVersion = 10.0.40219.1
Project("{FAE04EC0-301F-11D3-BF4B-00C04F79EFBC}") = "pr_1", "pr_1\pr_1.csproj", "{1F1400E6-6420-4209-99DC-58BEB14CCD8B}"
EndProject
Global
	GlobalSection(SolutionConfigurationPlatforms) = preSolution
		Debug|Any CPU = Debug|Any CPU
		Release|Any CPU = Release|Any CPU
	EndGlobalSection
	GlobalSection(ProjectConfigurationPlatforms) = postSolution
		{1F1400E6-6420-4209-99DC-58BEB14CCD8B}.Debug|Any CPU.ActiveCfg = Debug|Any CPU
		{1F1400E6-6420-4209-99DC-58BEB14CCD8B}.Debug|Any CPU.Build.0 = Debug|Any CPU
		{1F1400E6-6420-4209-99DC-58BEB14CCD8B}.Release|Any CPU.ActiveCfg = Release|Any CPU
		{1F1400E6-6420-4209-99DC-58BEB14CCD8B}.Release|Any CPU.Build.0 = Release|Any CPU
	EndGlobalSection
	GlobalSection(SolutionProperties) = preSolution
		HideSolutionNode = FALSE
	EndGlobalSection
	GlobalSection(ExtensibilityGlobals) = postSolution
		SolutionGuid = {B670E350-99BD-403C-AA0D-5024E0E0577A}
	EndGlobalSection
EndGlobal
