
Microsoft Visual Studio Solution File, Format Version 12.00
# Visual Studio Version 16
VisualStudioVersion = 16.0.29102.190
MinimumVisualStudioVersion = 10.0.40219.1
Project("{FAE04EC0-301F-11D3-BF4B-00C04F79EFBC}") = "coursework", "coursework\coursework.csproj", "{9BABCC33-AFA4-4310-B139-5A334C640E5A}"
EndProject
Global
	GlobalSection(SolutionConfigurationPlatforms) = preSolution
		Debug|Any CPU = Debug|Any CPU
		Release|Any CPU = Release|Any CPU
	EndGlobalSection
	GlobalSection(ProjectConfigurationPlatforms) = postSolution
		{9BABCC33-AFA4-4310-B139-5A334C640E5A}.Debug|Any CPU.ActiveCfg = Debug|Any CPU
		{9BABCC33-AFA4-4310-B139-5A334C640E5A}.Debug|Any CPU.Build.0 = Debug|Any CPU
		{9BABCC33-AFA4-4310-B139-5A334C640E5A}.Release|Any CPU.ActiveCfg = Release|Any CPU
		{9BABCC33-AFA4-4310-B139-5A334C640E5A}.Release|Any CPU.Build.0 = Release|Any CPU
	EndGlobalSection
	GlobalSection(SolutionProperties) = preSolution
		HideSolutionNode = FALSE
	EndGlobalSection
	GlobalSection(ExtensibilityGlobals) = postSolution
		SolutionGuid = {E0D21367-22A6-4343-A1FC-ECF3D1245E7F}
	EndGlobalSection
EndGlobal
